// !$*UTF8*$!
{
	archiveVersion = 1;
	classes = {
	};
	objectVersion = 56;
	objects = {

/* Begin PBXBuildFile section */
		EA51A8512A3B7E05001D5699 /* AppDelegate.swift in Sources */ = {isa = PBXBuildFile; fileRef = EA51A8502A3B7E05001D5699 /* AppDelegate.swift */; };
		EA51A8532A3B7E05001D5699 /* SceneDelegate.swift in Sources */ = {isa = PBXBuildFile; fileRef = EA51A8522A3B7E05001D5699 /* SceneDelegate.swift */; };
		EA51A8552A3B7E05001D5699 /* ViewController.swift in Sources */ = {isa = PBXBuildFile; fileRef = EA51A8542A3B7E05001D5699 /* ViewController.swift */; };
		EA51A8582A3B7E05001D5699 /* Main.storyboard in Resources */ = {isa = PBXBuildFile; fileRef = EA51A8562A3B7E05001D5699 /* Main.storyboard */; };
		EA51A85A2A3B7E06001D5699 /* Assets.xcassets in Resources */ = {isa = PBXBuildFile; fileRef = EA51A8592A3B7E06001D5699 /* Assets.xcassets */; };
		EA51A85D2A3B7E06001D5699 /* LaunchScreen.storyboard in Resources */ = {isa = PBXBuildFile; fileRef = EA51A85B2A3B7E06001D5699 /* LaunchScreen.storyboard */; };
		EA51A8682A3B7E06001D5699 /* ToDoListTests.swift in Sources */ = {isa = PBXBuildFile; fileRef = EA51A8672A3B7E06001D5699 /* ToDoListTests.swift */; };
		EA51A8722A3B7E06001D5699 /* ToDoListUITests.swift in Sources */ = {isa = PBXBuildFile; fileRef = EA51A8712A3B7E06001D5699 /* ToDoListUITests.swift */; };
		EA51A8742A3B7E06001D5699 /* ToDoListUITestsLaunchTests.swift in Sources */ = {isa = PBXBuildFile; fileRef = EA51A8732A3B7E06001D5699 /* ToDoListUITestsLaunchTests.swift */; };
		EA51A8812A3B7EC7001D5699 /* ToDoItem.swift in Sources */ = {isa = PBXBuildFile; fileRef = EA51A8802A3B7EC7001D5699 /* ToDoItem.swift */; };
		EA51A8832A3C8E4C001D5699 /* FileCache.swift in Sources */ = {isa = PBXBuildFile; fileRef = EA51A8822A3C8E4C001D5699 /* FileCache.swift */; };
/* End PBXBuildFile section */

/* Begin PBXContainerItemProxy section */
		EA51A8642A3B7E06001D5699 /* PBXContainerItemProxy */ = {
			isa = PBXContainerItemProxy;
			containerPortal = EA51A8452A3B7E05001D5699 /* Project object */;
			proxyType = 1;
			remoteGlobalIDString = EA51A84C2A3B7E05001D5699;
			remoteInfo = ToDoList;
		};
		EA51A86E2A3B7E06001D5699 /* PBXContainerItemProxy */ = {
			isa = PBXContainerItemProxy;
			containerPortal = EA51A8452A3B7E05001D5699 /* Project object */;
			proxyType = 1;
			remoteGlobalIDString = EA51A84C2A3B7E05001D5699;
			remoteInfo = ToDoList;
		};
/* End PBXContainerItemProxy section */

/* Begin PBXFileReference section */
		EA51A84D2A3B7E05001D5699 /* ToDoList.app */ = {isa = PBXFileReference; explicitFileType = wrapper.application; includeInIndex = 0; path = ToDoList.app; sourceTree = BUILT_PRODUCTS_DIR; };
		EA51A8502A3B7E05001D5699 /* AppDelegate.swift */ = {isa = PBXFileReference; lastKnownFileType = sourcecode.swift; path = AppDelegate.swift; sourceTree = "<group>"; };
		EA51A8522A3B7E05001D5699 /* SceneDelegate.swift */ = {isa = PBXFileReference; lastKnownFileType = sourcecode.swift; path = SceneDelegate.swift; sourceTree = "<group>"; };
		EA51A8542A3B7E05001D5699 /* ViewController.swift */ = {isa = PBXFileReference; lastKnownFileType = sourcecode.swift; path = ViewController.swift; sourceTree = "<group>"; };
		EA51A8572A3B7E05001D5699 /* Base */ = {isa = PBXFileReference; lastKnownFileType = file.storyboard; name = Base; path = Base.lproj/Main.storyboard; sourceTree = "<group>"; };
		EA51A8592A3B7E06001D5699 /* Assets.xcassets */ = {isa = PBXFileReference; lastKnownFileType = folder.assetcatalog; path = Assets.xcassets; sourceTree = "<group>"; };
		EA51A85C2A3B7E06001D5699 /* Base */ = {isa = PBXFileReference; lastKnownFileType = file.storyboard; name = Base; path = Base.lproj/LaunchScreen.storyboard; sourceTree = "<group>"; };
		EA51A85E2A3B7E06001D5699 /* Info.plist */ = {isa = PBXFileReference; lastKnownFileType = text.plist.xml; path = Info.plist; sourceTree = "<group>"; };
		EA51A8632A3B7E06001D5699 /* ToDoListTests.xctest */ = {isa = PBXFileReference; explicitFileType = wrapper.cfbundle; includeInIndex = 0; path = ToDoListTests.xctest; sourceTree = BUILT_PRODUCTS_DIR; };
		EA51A8672A3B7E06001D5699 /* ToDoListTests.swift */ = {isa = PBXFileReference; lastKnownFileType = sourcecode.swift; path = ToDoListTests.swift; sourceTree = "<group>"; };
		EA51A86D2A3B7E06001D5699 /* ToDoListUITests.xctest */ = {isa = PBXFileReference; explicitFileType = wrapper.cfbundle; includeInIndex = 0; path = ToDoListUITests.xctest; sourceTree = BUILT_PRODUCTS_DIR; };
		EA51A8712A3B7E06001D5699 /* ToDoListUITests.swift */ = {isa = PBXFileReference; lastKnownFileType = sourcecode.swift; path = ToDoListUITests.swift; sourceTree = "<group>"; };
		EA51A8732A3B7E06001D5699 /* ToDoListUITestsLaunchTests.swift */ = {isa = PBXFileReference; lastKnownFileType = sourcecode.swift; path = ToDoListUITestsLaunchTests.swift; sourceTree = "<group>"; };
		EA51A8802A3B7EC7001D5699 /* ToDoItem.swift */ = {isa = PBXFileReference; lastKnownFileType = sourcecode.swift; path = ToDoItem.swift; sourceTree = "<group>"; };
		EA51A8822A3C8E4C001D5699 /* FileCache.swift */ = {isa = PBXFileReference; lastKnownFileType = sourcecode.swift; path = FileCache.swift; sourceTree = "<group>"; };
/* End PBXFileReference section */

/* Begin PBXFrameworksBuildPhase section */
		EA51A84A2A3B7E05001D5699 /* Frameworks */ = {
			isa = PBXFrameworksBuildPhase;
			buildActionMask = 2147483647;
			files = (
			);
			runOnlyForDeploymentPostprocessing = 0;
		};
		EA51A8602A3B7E06001D5699 /* Frameworks */ = {
			isa = PBXFrameworksBuildPhase;
			buildActionMask = 2147483647;
			files = (
			);
			runOnlyForDeploymentPostprocessing = 0;
		};
		EA51A86A2A3B7E06001D5699 /* Frameworks */ = {
			isa = PBXFrameworksBuildPhase;
			buildActionMask = 2147483647;
			files = (
			);
			runOnlyForDeploymentPostprocessing = 0;
		};
/* End PBXFrameworksBuildPhase section */

/* Begin PBXGroup section */
		EA51A8442A3B7E05001D5699 = {
			isa = PBXGroup;
			children = (
				EA51A84F2A3B7E05001D5699 /* ToDoList */,
				EA51A8662A3B7E06001D5699 /* ToDoListTests */,
				EA51A8702A3B7E06001D5699 /* ToDoListUITests */,
				EA51A84E2A3B7E05001D5699 /* Products */,
			);
			sourceTree = "<group>";
		};
		EA51A84E2A3B7E05001D5699 /* Products */ = {
			isa = PBXGroup;
			children = (
				EA51A84D2A3B7E05001D5699 /* ToDoList.app */,
				EA51A8632A3B7E06001D5699 /* ToDoListTests.xctest */,
				EA51A86D2A3B7E06001D5699 /* ToDoListUITests.xctest */,
			);
			name = Products;
			sourceTree = "<group>";
		};
		EA51A84F2A3B7E05001D5699 /* ToDoList */ = {
			isa = PBXGroup;
			children = (
				EA51A8502A3B7E05001D5699 /* AppDelegate.swift */,
				EA51A8522A3B7E05001D5699 /* SceneDelegate.swift */,
				EA51A8542A3B7E05001D5699 /* ViewController.swift */,
				EA51A8802A3B7EC7001D5699 /* ToDoItem.swift */,
				EA51A8822A3C8E4C001D5699 /* FileCache.swift */,
				EA51A8562A3B7E05001D5699 /* Main.storyboard */,
				EA51A8592A3B7E06001D5699 /* Assets.xcassets */,
				EA51A85B2A3B7E06001D5699 /* LaunchScreen.storyboard */,
				EA51A85E2A3B7E06001D5699 /* Info.plist */,
			);
			path = ToDoList;
			sourceTree = "<group>";
		};
		EA51A8662A3B7E06001D5699 /* ToDoListTests */ = {
			isa = PBXGroup;
			children = (
				EA51A8672A3B7E06001D5699 /* ToDoListTests.swift */,
			);
			path = ToDoListTests;
			sourceTree = "<group>";
		};
		EA51A8702A3B7E06001D5699 /* ToDoListUITests */ = {
			isa = PBXGroup;
			children = (
				EA51A8712A3B7E06001D5699 /* ToDoListUITests.swift */,
				EA51A8732A3B7E06001D5699 /* ToDoListUITestsLaunchTests.swift */,
			);
			path = ToDoListUITests;
			sourceTree = "<group>";
		};
/* End PBXGroup section */

/* Begin PBXNativeTarget section */
		EA51A84C2A3B7E05001D5699 /* ToDoList */ = {
			isa = PBXNativeTarget;
			buildConfigurationList = EA51A8772A3B7E06001D5699 /* Build configuration list for PBXNativeTarget "ToDoList" */;
			buildPhases = (
				EA51A8492A3B7E05001D5699 /* Sources */,
				EA51A84A2A3B7E05001D5699 /* Frameworks */,
				EA51A84B2A3B7E05001D5699 /* Resources */,
			);
			buildRules = (
			);
			dependencies = (
			);
			name = ToDoList;
			productName = ToDoList;
			productReference = EA51A84D2A3B7E05001D5699 /* ToDoList.app */;
			productType = "com.apple.product-type.application";
		};
		EA51A8622A3B7E06001D5699 /* ToDoListTests */ = {
			isa = PBXNativeTarget;
			buildConfigurationList = EA51A87A2A3B7E06001D5699 /* Build configuration list for PBXNativeTarget "ToDoListTests" */;
			buildPhases = (
				EA51A85F2A3B7E06001D5699 /* Sources */,
				EA51A8602A3B7E06001D5699 /* Frameworks */,
				EA51A8612A3B7E06001D5699 /* Resources */,
			);
			buildRules = (
			);
			dependencies = (
				EA51A8652A3B7E06001D5699 /* PBXTargetDependency */,
			);
			name = ToDoListTests;
			productName = ToDoListTests;
			productReference = EA51A8632A3B7E06001D5699 /* ToDoListTests.xctest */;
			productType = "com.apple.product-type.bundle.unit-test";
		};
		EA51A86C2A3B7E06001D5699 /* ToDoListUITests */ = {
			isa = PBXNativeTarget;
			buildConfigurationList = EA51A87D2A3B7E06001D5699 /* Build configuration list for PBXNativeTarget "ToDoListUITests" */;
			buildPhases = (
				EA51A8692A3B7E06001D5699 /* Sources */,
				EA51A86A2A3B7E06001D5699 /* Frameworks */,
				EA51A86B2A3B7E06001D5699 /* Resources */,
			);
			buildRules = (
			);
			dependencies = (
				EA51A86F2A3B7E06001D5699 /* PBXTargetDependency */,
			);
			name = ToDoListUITests;
			productName = ToDoListUITests;
			productReference = EA51A86D2A3B7E06001D5699 /* ToDoListUITests.xctest */;
			productType = "com.apple.product-type.bundle.ui-testing";
		};
/* End PBXNativeTarget section */

/* Begin PBXProject section */
		EA51A8452A3B7E05001D5699 /* Project object */ = {
			isa = PBXProject;
			attributes = {
				BuildIndependentTargetsInParallel = 1;
				LastSwiftUpdateCheck = 1430;
				LastUpgradeCheck = 1430;
				TargetAttributes = {
					EA51A84C2A3B7E05001D5699 = {
						CreatedOnToolsVersion = 14.3;
					};
					EA51A8622A3B7E06001D5699 = {
						CreatedOnToolsVersion = 14.3;
						TestTargetID = EA51A84C2A3B7E05001D5699;
					};
					EA51A86C2A3B7E06001D5699 = {
						CreatedOnToolsVersion = 14.3;
						TestTargetID = EA51A84C2A3B7E05001D5699;
					};
				};
			};
			buildConfigurationList = EA51A8482A3B7E05001D5699 /* Build configuration list for PBXProject "ToDoList" */;
			compatibilityVersion = "Xcode 14.0";
			developmentRegion = en;
			hasScannedForEncodings = 0;
			knownRegions = (
				en,
				Base,
			);
			mainGroup = EA51A8442A3B7E05001D5699;
			productRefGroup = EA51A84E2A3B7E05001D5699 /* Products */;
			projectDirPath = "";
			projectRoot = "";
			targets = (
				EA51A84C2A3B7E05001D5699 /* ToDoList */,
				EA51A8622A3B7E06001D5699 /* ToDoListTests */,
				EA51A86C2A3B7E06001D5699 /* ToDoListUITests */,
			);
		};
/* End PBXProject section */

/* Begin PBXResourcesBuildPhase section */
		EA51A84B2A3B7E05001D5699 /* Resources */ = {
			isa = PBXResourcesBuildPhase;
			buildActionMask = 2147483647;
			files = (
				EA51A85D2A3B7E06001D5699 /* LaunchScreen.storyboard in Resources */,
				EA51A85A2A3B7E06001D5699 /* Assets.xcassets in Resources */,
				EA51A8582A3B7E05001D5699 /* Main.storyboard in Resources */,
			);
			runOnlyForDeploymentPostprocessing = 0;
		};
		EA51A8612A3B7E06001D5699 /* Resources */ = {
			isa = PBXResourcesBuildPhase;
			buildActionMask = 2147483647;
			files = (
			);
			runOnlyForDeploymentPostprocessing = 0;
		};
		EA51A86B2A3B7E06001D5699 /* Resources */ = {
			isa = PBXResourcesBuildPhase;
			buildActionMask = 2147483647;
			files = (
			);
			runOnlyForDeploymentPostprocessing = 0;
		};
/* End PBXResourcesBuildPhase section */

/* Begin PBXSourcesBuildPhase section */
		EA51A8492A3B7E05001D5699 /* Sources */ = {
			isa = PBXSourcesBuildPhase;
			buildActionMask = 2147483647;
			files = (
				EA51A8552A3B7E05001D5699 /* ViewController.swift in Sources */,
				EA51A8512A3B7E05001D5699 /* AppDelegate.swift in Sources */,
				EA51A8812A3B7EC7001D5699 /* ToDoItem.swift in Sources */,
				EA51A8832A3C8E4C001D5699 /* FileCache.swift in Sources */,
				EA51A8532A3B7E05001D5699 /* SceneDelegate.swift in Sources */,
			);
			runOnlyForDeploymentPostprocessing = 0;
		};
		EA51A85F2A3B7E06001D5699 /* Sources */ = {
			isa = PBXSourcesBuildPhase;
			buildActionMask = 2147483647;
			files = (
				EA51A8682A3B7E06001D5699 /* ToDoListTests.swift in Sources */,
			);
			runOnlyForDeploymentPostprocessing = 0;
		};
		EA51A8692A3B7E06001D5699 /* Sources */ = {
			isa = PBXSourcesBuildPhase;
			buildActionMask = 2147483647;
			files = (
				EA51A8742A3B7E06001D5699 /* ToDoListUITestsLaunchTests.swift in Sources */,
				EA51A8722A3B7E06001D5699 /* ToDoListUITests.swift in Sources */,
			);
			runOnlyForDeploymentPostprocessing = 0;
		};
/* End PBXSourcesBuildPhase section */

/* Begin PBXTargetDependency section */
		EA51A8652A3B7E06001D5699 /* PBXTargetDependency */ = {
			isa = PBXTargetDependency;
			target = EA51A84C2A3B7E05001D5699 /* ToDoList */;
			targetProxy = EA51A8642A3B7E06001D5699 /* PBXContainerItemProxy */;
		};
		EA51A86F2A3B7E06001D5699 /* PBXTargetDependency */ = {
			isa = PBXTargetDependency;
			target = EA51A84C2A3B7E05001D5699 /* ToDoList */;
			targetProxy = EA51A86E2A3B7E06001D5699 /* PBXContainerItemProxy */;
		};
/* End PBXTargetDependency section */

/* Begin PBXVariantGroup section */
		EA51A8562A3B7E05001D5699 /* Main.storyboard */ = {
			isa = PBXVariantGroup;
			children = (
				EA51A8572A3B7E05001D5699 /* Base */,
			);
			name = Main.storyboard;
			sourceTree = "<group>";
		};
		EA51A85B2A3B7E06001D5699 /* LaunchScreen.storyboard */ = {
			isa = PBXVariantGroup;
			children = (
				EA51A85C2A3B7E06001D5699 /* Base */,
			);
			name = LaunchScreen.storyboard;
			sourceTree = "<group>";
		};
/* End PBXVariantGroup section */

/* Begin XCBuildConfiguration section */
		EA51A8752A3B7E06001D5699 /* Debug */ = {
			isa = XCBuildConfiguration;
			buildSettings = {
				ALWAYS_SEARCH_USER_PATHS = NO;
				CLANG_ANALYZER_NONNULL = YES;
				CLANG_ANALYZER_NUMBER_OBJECT_CONVERSION = YES_AGGRESSIVE;
				CLANG_CXX_LANGUAGE_STANDARD = "gnu++20";
				CLANG_ENABLE_MODULES = YES;
				CLANG_ENABLE_OBJC_ARC = YES;
				CLANG_ENABLE_OBJC_WEAK = YES;
				CLANG_WARN_BLOCK_CAPTURE_AUTORELEASING = YES;
				CLANG_WARN_BOOL_CONVERSION = YES;
				CLANG_WARN_COMMA = YES;
				CLANG_WARN_CONSTANT_CONVERSION = YES;
				CLANG_WARN_DEPRECATED_OBJC_IMPLEMENTATIONS = YES;
				CLANG_WARN_DIRECT_OBJC_ISA_USAGE = YES_ERROR;
				CLANG_WARN_DOCUMENTATION_COMMENTS = YES;
				CLANG_WARN_EMPTY_BODY = YES;
				CLANG_WARN_ENUM_CONVERSION = YES;
				CLANG_WARN_INFINITE_RECURSION = YES;
				CLANG_WARN_INT_CONVERSION = YES;
				CLANG_WARN_NON_LITERAL_NULL_CONVERSION = YES;
				CLANG_WARN_OBJC_IMPLICIT_RETAIN_SELF = YES;
				CLANG_WARN_OBJC_LITERAL_CONVERSION = YES;
				CLANG_WARN_OBJC_ROOT_CLASS = YES_ERROR;
				CLANG_WARN_QUOTED_INCLUDE_IN_FRAMEWORK_HEADER = YES;
				CLANG_WARN_RANGE_LOOP_ANALYSIS = YES;
				CLANG_WARN_STRICT_PROTOTYPES = YES;
				CLANG_WARN_SUSPICIOUS_MOVE = YES;
				CLANG_WARN_UNGUARDED_AVAILABILITY = YES_AGGRESSIVE;
				CLANG_WARN_UNREACHABLE_CODE = YES;
				CLANG_WARN__DUPLICATE_METHOD_MATCH = YES;
				COPY_PHASE_STRIP = NO;
				DEBUG_INFORMATION_FORMAT = dwarf;
				ENABLE_STRICT_OBJC_MSGSEND = YES;
				ENABLE_TESTABILITY = YES;
				GCC_C_LANGUAGE_STANDARD = gnu11;
				GCC_DYNAMIC_NO_PIC = NO;
				GCC_NO_COMMON_BLOCKS = YES;
				GCC_OPTIMIZATION_LEVEL = 0;
				GCC_PREPROCESSOR_DEFINITIONS = (
					"DEBUG=1",
					"$(inherited)",
				);
				GCC_WARN_64_TO_32_BIT_CONVERSION = YES;
				GCC_WARN_ABOUT_RETURN_TYPE = YES_ERROR;
				GCC_WARN_UNDECLARED_SELECTOR = YES;
				GCC_WARN_UNINITIALIZED_AUTOS = YES_AGGRESSIVE;
				GCC_WARN_UNUSED_FUNCTION = YES;
				GCC_WARN_UNUSED_VARIABLE = YES;
				IPHONEOS_DEPLOYMENT_TARGET = 16.4;
				MTL_ENABLE_DEBUG_INFO = INCLUDE_SOURCE;
				MTL_FAST_MATH = YES;
				ONLY_ACTIVE_ARCH = YES;
				SDKROOT = iphoneos;
				SWIFT_ACTIVE_COMPILATION_CONDITIONS = DEBUG;
				SWIFT_OPTIMIZATION_LEVEL = "-Onone";
			};
			name = Debug;
		};
		EA51A8762A3B7E06001D5699 /* Release */ = {
			isa = XCBuildConfiguration;
			buildSettings = {
				ALWAYS_SEARCH_USER_PATHS = NO;
				CLANG_ANALYZER_NONNULL = YES;
				CLANG_ANALYZER_NUMBER_OBJECT_CONVERSION = YES_AGGRESSIVE;
				CLANG_CXX_LANGUAGE_STANDARD = "gnu++20";
				CLANG_ENABLE_MODULES = YES;
				CLANG_ENABLE_OBJC_ARC = YES;
				CLANG_ENABLE_OBJC_WEAK = YES;
				CLANG_WARN_BLOCK_CAPTURE_AUTORELEASING = YES;
				CLANG_WARN_BOOL_CONVERSION = YES;
				CLANG_WARN_COMMA = YES;
				CLANG_WARN_CONSTANT_CONVERSION = YES;
				CLANG_WARN_DEPRECATED_OBJC_IMPLEMENTATIONS = YES;
				CLANG_WARN_DIRECT_OBJC_ISA_USAGE = YES_ERROR;
				CLANG_WARN_DOCUMENTATION_COMMENTS = YES;
				CLANG_WARN_EMPTY_BODY = YES;
				CLANG_WARN_ENUM_CONVERSION = YES;
				CLANG_WARN_INFINITE_RECURSION = YES;
				CLANG_WARN_INT_CONVERSION = YES;
				CLANG_WARN_NON_LITERAL_NULL_CONVERSION = YES;
				CLANG_WARN_OBJC_IMPLICIT_RETAIN_SELF = YES;
				CLANG_WARN_OBJC_LITERAL_CONVERSION = YES;
				CLANG_WARN_OBJC_ROOT_CLASS = YES_ERROR;
				CLANG_WARN_QUOTED_INCLUDE_IN_FRAMEWORK_HEADER = YES;
				CLANG_WARN_RANGE_LOOP_ANALYSIS = YES;
				CLANG_WARN_STRICT_PROTOTYPES = YES;
				CLANG_WARN_SUSPICIOUS_MOVE = YES;
				CLANG_WARN_UNGUARDED_AVAILABILITY = YES_AGGRESSIVE;
				CLANG_WARN_UNREACHABLE_CODE = YES;
				CLANG_WARN__DUPLICATE_METHOD_MATCH = YES;
				COPY_PHASE_STRIP = NO;
				DEBUG_INFORMATION_FORMAT = "dwarf-with-dsym";
				ENABLE_NS_ASSERTIONS = NO;
				ENABLE_STRICT_OBJC_MSGSEND = YES;
				GCC_C_LANGUAGE_STANDARD = gnu11;
				GCC_NO_COMMON_BLOCKS = YES;
				GCC_WARN_64_TO_32_BIT_CONVERSION = YES;
				GCC_WARN_ABOUT_RETURN_TYPE = YES_ERROR;
				GCC_WARN_UNDECLARED_SELECTOR = YES;
				GCC_WARN_UNINITIALIZED_AUTOS = YES_AGGRESSIVE;
				GCC_WARN_UNUSED_FUNCTION = YES;
				GCC_WARN_UNUSED_VARIABLE = YES;
				IPHONEOS_DEPLOYMENT_TARGET = 16.4;
				MTL_ENABLE_DEBUG_INFO = NO;
				MTL_FAST_MATH = YES;
				SDKROOT = iphoneos;
				SWIFT_COMPILATION_MODE = wholemodule;
				SWIFT_OPTIMIZATION_LEVEL = "-O";
				VALIDATE_PRODUCT = YES;
			};
			name = Release;
		};
		EA51A8782A3B7E06001D5699 /* Debug */ = {
			isa = XCBuildConfiguration;
			buildSettings = {
				ASSETCATALOG_COMPILER_APPICON_NAME = AppIcon;
				ASSETCATALOG_COMPILER_GLOBAL_ACCENT_COLOR_NAME = AccentColor;
				CODE_SIGN_STYLE = Automatic;
				CURRENT_PROJECT_VERSION = 1;
				DEVELOPMENT_TEAM = 2RAV4CT826;
				GENERATE_INFOPLIST_FILE = YES;
				INFOPLIST_FILE = ToDoList/Info.plist;
				INFOPLIST_KEY_UIApplicationSupportsIndirectInputEvents = YES;
				INFOPLIST_KEY_UILaunchStoryboardName = LaunchScreen;
				INFOPLIST_KEY_UIMainStoryboardFile = Main;
				INFOPLIST_KEY_UISupportedInterfaceOrientations_iPad = "UIInterfaceOrientationPortrait UIInterfaceOrientationPortraitUpsideDown UIInterfaceOrientationLandscapeLeft UIInterfaceOrientationLandscapeRight";
				INFOPLIST_KEY_UISupportedInterfaceOrientations_iPhone = "UIInterfaceOrientationPortrait UIInterfaceOrientationLandscapeLeft UIInterfaceOrientationLandscapeRight";
				LD_RUNPATH_SEARCH_PATHS = (
					"$(inherited)",
					"@executable_path/Frameworks",
				);
				MARKETING_VERSION = 1.0;
				PRODUCT_BUNDLE_IDENTIFIER = AzatSultanov.ToDoList;
				PRODUCT_NAME = "$(TARGET_NAME)";
				SWIFT_EMIT_LOC_STRINGS = YES;
				SWIFT_VERSION = 5.0;
				TARGETED_DEVICE_FAMILY = "1,2";
			};
			name = Debug;
		};
		EA51A8792A3B7E06001D5699 /* Release */ = {
			isa = XCBuildConfiguration;
			buildSettings = {
				ASSETCATALOG_COMPILER_APPICON_NAME = AppIcon;
				ASSETCATALOG_COMPILER_GLOBAL_ACCENT_COLOR_NAME = AccentColor;
				CODE_SIGN_STYLE = Automatic;
				CURRENT_PROJECT_VERSION = 1;
				DEVELOPMENT_TEAM = 2RAV4CT826;
				GENERATE_INFOPLIST_FILE = YES;
				INFOPLIST_FILE = ToDoList/Info.plist;
				INFOPLIST_KEY_UIApplicationSupportsIndirectInputEvents = YES;
				INFOPLIST_KEY_UILaunchStoryboardName = LaunchScreen;
				INFOPLIST_KEY_UIMainStoryboardFile = Main;
				INFOPLIST_KEY_UISupportedInterfaceOrientations_iPad = "UIInterfaceOrientationPortrait UIInterfaceOrientationPortraitUpsideDown UIInterfaceOrientationLandscapeLeft UIInterfaceOrientationLandscapeRight";
				INFOPLIST_KEY_UISupportedInterfaceOrientations_iPhone = "UIInterfaceOrientationPortrait UIInterfaceOrientationLandscapeLeft UIInterfaceOrientationLandscapeRight";
				LD_RUNPATH_SEARCH_PATHS = (
					"$(inherited)",
					"@executable_path/Frameworks",
				);
				MARKETING_VERSION = 1.0;
				PRODUCT_BUNDLE_IDENTIFIER = AzatSultanov.ToDoList;
				PRODUCT_NAME = "$(TARGET_NAME)";
				SWIFT_EMIT_LOC_STRINGS = YES;
				SWIFT_VERSION = 5.0;
				TARGETED_DEVICE_FAMILY = "1,2";
			};
			name = Release;
		};
		EA51A87B2A3B7E06001D5699 /* Debug */ = {
			isa = XCBuildConfiguration;
			buildSettings = {
				ALWAYS_EMBED_SWIFT_STANDARD_LIBRARIES = YES;
				BUNDLE_LOADER = "$(TEST_HOST)";
				CODE_SIGN_STYLE = Automatic;
				CURRENT_PROJECT_VERSION = 1;
				DEVELOPMENT_TEAM = 2RAV4CT826;
				GENERATE_INFOPLIST_FILE = YES;
				IPHONEOS_DEPLOYMENT_TARGET = 16.4;
				MARKETING_VERSION = 1.0;
				PRODUCT_BUNDLE_IDENTIFIER = AzatSultanov.ToDoListTests;
				PRODUCT_NAME = "$(TARGET_NAME)";
				SWIFT_EMIT_LOC_STRINGS = NO;
				SWIFT_VERSION = 5.0;
				TARGETED_DEVICE_FAMILY = "1,2";
				TEST_HOST = "$(BUILT_PRODUCTS_DIR)/ToDoList.app/$(BUNDLE_EXECUTABLE_FOLDER_PATH)/ToDoList";
			};
			name = Debug;
		};
		EA51A87C2A3B7E06001D5699 /* Release */ = {
			isa = XCBuildConfiguration;
			buildSettings = {
				ALWAYS_EMBED_SWIFT_STANDARD_LIBRARIES = YES;
				BUNDLE_LOADER = "$(TEST_HOST)";
				CODE_SIGN_STYLE = Automatic;
				CURRENT_PROJECT_VERSION = 1;
				DEVELOPMENT_TEAM = 2RAV4CT826;
				GENERATE_INFOPLIST_FILE = YES;
				IPHONEOS_DEPLOYMENT_TARGET = 16.4;
				MARKETING_VERSION = 1.0;
				PRODUCT_BUNDLE_IDENTIFIER = AzatSultanov.ToDoListTests;
				PRODUCT_NAME = "$(TARGET_NAME)";
				SWIFT_EMIT_LOC_STRINGS = NO;
				SWIFT_VERSION = 5.0;
				TARGETED_DEVICE_FAMILY = "1,2";
				TEST_HOST = "$(BUILT_PRODUCTS_DIR)/ToDoList.app/$(BUNDLE_EXECUTABLE_FOLDER_PATH)/ToDoList";
			};
			name = Release;
		};
		EA51A87E2A3B7E06001D5699 /* Debug */ = {
			isa = XCBuildConfiguration;
			buildSettings = {
				ALWAYS_EMBED_SWIFT_STANDARD_LIBRARIES = YES;
				CODE_SIGN_STYLE = Automatic;
				CURRENT_PROJECT_VERSION = 1;
				DEVELOPMENT_TEAM = 2RAV4CT826;
				GENERATE_INFOPLIST_FILE = YES;
				MARKETING_VERSION = 1.0;
				PRODUCT_BUNDLE_IDENTIFIER = AzatSultanov.ToDoListUITests;
				PRODUCT_NAME = "$(TARGET_NAME)";
				SWIFT_EMIT_LOC_STRINGS = NO;
				SWIFT_VERSION = 5.0;
				TARGETED_DEVICE_FAMILY = "1,2";
				TEST_TARGET_NAME = ToDoList;
			};
			name = Debug;
		};
		EA51A87F2A3B7E06001D5699 /* Release */ = {
			isa = XCBuildConfiguration;
			buildSettings = {
				ALWAYS_EMBED_SWIFT_STANDARD_LIBRARIES = YES;
				CODE_SIGN_STYLE = Automatic;
				CURRENT_PROJECT_VERSION = 1;
				DEVELOPMENT_TEAM = 2RAV4CT826;
				GENERATE_INFOPLIST_FILE = YES;
				MARKETING_VERSION = 1.0;
				PRODUCT_BUNDLE_IDENTIFIER = AzatSultanov.ToDoListUITests;
				PRODUCT_NAME = "$(TARGET_NAME)";
				SWIFT_EMIT_LOC_STRINGS = NO;
				SWIFT_VERSION = 5.0;
				TARGETED_DEVICE_FAMILY = "1,2";
				TEST_TARGET_NAME = ToDoList;
			};
			name = Release;
		};
/* End XCBuildConfiguration section */

/* Begin XCConfigurationList section */
		EA51A8482A3B7E05001D5699 /* Build configuration list for PBXProject "ToDoList" */ = {
			isa = XCConfigurationList;
			buildConfigurations = (
				EA51A8752A3B7E06001D5699 /* Debug */,
				EA51A8762A3B7E06001D5699 /* Release */,
			);
			defaultConfigurationIsVisible = 0;
			defaultConfigurationName = Release;
		};
		EA51A8772A3B7E06001D5699 /* Build configuration list for PBXNativeTarget "ToDoList" */ = {
			isa = XCConfigurationList;
			buildConfigurations = (
				EA51A8782A3B7E06001D5699 /* Debug */,
				EA51A8792A3B7E06001D5699 /* Release */,
			);
			defaultConfigurationIsVisible = 0;
			defaultConfigurationName = Release;
		};
		EA51A87A2A3B7E06001D5699 /* Build configuration list for PBXNativeTarget "ToDoListTests" */ = {
			isa = XCConfigurationList;
			buildConfigurations = (
				EA51A87B2A3B7E06001D5699 /* Debug */,
				EA51A87C2A3B7E06001D5699 /* Release */,
			);
			defaultConfigurationIsVisible = 0;
			defaultConfigurationName = Release;
		};
		EA51A87D2A3B7E06001D5699 /* Build configuration list for PBXNativeTarget "ToDoListUITests" */ = {
			isa = XCConfigurationList;
			buildConfigurations = (
				EA51A87E2A3B7E06001D5699 /* Debug */,
				EA51A87F2A3B7E06001D5699 /* Release */,
			);
			defaultConfigurationIsVisible = 0;
			defaultConfigurationName = Release;
		};
/* End XCConfigurationList section */
	};
	rootObject = EA51A8452A3B7E05001D5699 /* Project object */;
}
